
Microsoft Visual Studio Solution File, Format Version 12.00
# Visual Studio Version 16
VisualStudioVersion = 16.0.29519.87
MinimumVisualStudioVersion = 10.0.40219.1
Project("{FAE04EC0-301F-11D3-BF4B-00C04F79EFBC}") = "ITMO.WFCS.TASK1", "ITMO.WFCS.TASK1\ITMO.WFCS.TASK1.csproj", "{9E6A0D70-5736-4B05-B792-B5F5807AEBF6}"
EndProject
Project("{FAE04EC0-301F-11D3-BF4B-00C04F79EFBC}") = "ITMO.WFCS.TASK1_2_DBConnection", "ITMO.WFCS.TASK1_2_DBConnection\ITMO.WFCS.TASK1_2_DBConnection.csproj", "{7CF21769-A943-4FFE-8CFA-9ECD6EC954D9}"
EndProject
Project("{FAE04EC0-301F-11D3-BF4B-00C04F79EFBC}") = "ITMO.WFCS.TASK3_DBCommand", "ITMO.WFCS.TASK3_DBCommand\ITMO.WFCS.TASK3_DBCommand.csproj", "{53AE153B-5017-4D74-9FA0-A375DE1E23B5}"
EndProject
Project("{FAE04EC0-301F-11D3-BF4B-00C04F79EFBC}") = "ITMO.WFCS.TASK4_DatasetDesigner", "ITMO.WFCS.TASK14_DatasetDesigner\ITMO.WFCS.TASK4_DatasetDesigner.csproj", "{4BD852C9-8BAF-4DBA-98E1-E79C575DE47B}"
EndProject
Project("{FAE04EC0-301F-11D3-BF4B-00C04F79EFBC}") = "ITMO.WFCS.TASK4_CreatingDataTable", "ITMO.WFCS.TASK4_CreatingDataTable\ITMO.WFCS.TASK4_CreatingDataTable.csproj", "{37770072-7CF8-447B-B9E3-20F21DE3A5D4}"
EndProject
Project("{FAE04EC0-301F-11D3-BF4B-00C04F79EFBC}") = "ITMO.WFCS.ZACHET", "ITMO.WFCS.ZACHET\ITMO.WFCS.ZACHET.csproj", "{F6122373-6E9A-4A08-A856-41A924B6BC98}"
EndProject
Project("{FAE04EC0-301F-11D3-BF4B-00C04F79EFBC}") = "ITMO.WFCS.TASKS4_3_DataAdapterProgram", "ITMO.WFCS.TASKS4_3_DataAdapterProgram\ITMO.WFCS.TASKS4_3_DataAdapterProgram.csproj", "{4E4528ED-8681-4BB0-814B-CE5018E8EA14}"
EndProject
Project("{FAE04EC0-301F-11D3-BF4B-00C04F79EFBC}") = "ITMO.WFCS.TASK4_4_DataAdapterWizard", "ITMO.WFCS.TASK4_4_DataAdapterWizard\ITMO.WFCS.TASK4_4_DataAdapterWizard.csproj", "{0F6DC016-55C2-47BC-A66D-DBDAC4EB24AD}"
EndProject
Project("{FAE04EC0-301F-11D3-BF4B-00C04F79EFBC}") = "ITMO.WFCS.TASK4_5_WorkingDataTable", "ITMO.WFCS.TASK4_5_WorkingDataTable\ITMO.WFCS.TASK4_5_WorkingDataTable.csproj", "{F32CCD40-AC77-4C08-85BE-F5CC2744258D}"
EndProject
Project("{FAE04EC0-301F-11D3-BF4B-00C04F79EFBC}") = "ITMO.WFCS.TASK4_6_DataViewExample", "ITMO.WFCS.TASK4_6_DataViewExample\ITMO.WFCS.TASK4_6_DataViewExample.csproj", "{8AB04850-19D1-4559-8C60-7BB5F9C071EC}"
EndProject
Global
	GlobalSection(SolutionConfigurationPlatforms) = preSolution
		Debug|Any CPU = Debug|Any CPU
		Release|Any CPU = Release|Any CPU
	EndGlobalSection
	GlobalSection(ProjectConfigurationPlatforms) = postSolution
		{9E6A0D70-5736-4B05-B792-B5F5807AEBF6}.Debug|Any CPU.ActiveCfg = Debug|Any CPU
		{9E6A0D70-5736-4B05-B792-B5F5807AEBF6}.Debug|Any CPU.Build.0 = Debug|Any CPU
		{9E6A0D70-5736-4B05-B792-B5F5807AEBF6}.Release|Any CPU.ActiveCfg = Release|Any CPU
		{9E6A0D70-5736-4B05-B792-B5F5807AEBF6}.Release|Any CPU.Build.0 = Release|Any CPU
		{7CF21769-A943-4FFE-8CFA-9ECD6EC954D9}.Debug|Any CPU.ActiveCfg = Debug|Any CPU
		{7CF21769-A943-4FFE-8CFA-9ECD6EC954D9}.Debug|Any CPU.Build.0 = Debug|Any CPU
		{7CF21769-A943-4FFE-8CFA-9ECD6EC954D9}.Release|Any CPU.ActiveCfg = Release|Any CPU
		{7CF21769-A943-4FFE-8CFA-9ECD6EC954D9}.Release|Any CPU.Build.0 = Release|Any CPU
		{53AE153B-5017-4D74-9FA0-A375DE1E23B5}.Debug|Any CPU.ActiveCfg = Debug|Any CPU
		{53AE153B-5017-4D74-9FA0-A375DE1E23B5}.Debug|Any CPU.Build.0 = Debug|Any CPU
		{53AE153B-5017-4D74-9FA0-A375DE1E23B5}.Release|Any CPU.ActiveCfg = Release|Any CPU
		{53AE153B-5017-4D74-9FA0-A375DE1E23B5}.Release|Any CPU.Build.0 = Release|Any CPU
		{4BD852C9-8BAF-4DBA-98E1-E79C575DE47B}.Debug|Any CPU.ActiveCfg = Debug|Any CPU
		{4BD852C9-8BAF-4DBA-98E1-E79C575DE47B}.Debug|Any CPU.Build.0 = Debug|Any CPU
		{4BD852C9-8BAF-4DBA-98E1-E79C575DE47B}.Release|Any CPU.ActiveCfg = Release|Any CPU
		{4BD852C9-8BAF-4DBA-98E1-E79C575DE47B}.Release|Any CPU.Build.0 = Release|Any CPU
		{37770072-7CF8-447B-B9E3-20F21DE3A5D4}.Debug|Any CPU.ActiveCfg = Debug|Any CPU
		{37770072-7CF8-447B-B9E3-20F21DE3A5D4}.Debug|Any CPU.Build.0 = Debug|Any CPU
		{37770072-7CF8-447B-B9E3-20F21DE3A5D4}.Release|Any CPU.ActiveCfg = Release|Any CPU
		{37770072-7CF8-447B-B9E3-20F21DE3A5D4}.Release|Any CPU.Build.0 = Release|Any CPU
		{F6122373-6E9A-4A08-A856-41A924B6BC98}.Debug|Any CPU.ActiveCfg = Debug|Any CPU
		{F6122373-6E9A-4A08-A856-41A924B6BC98}.Debug|Any CPU.Build.0 = Debug|Any CPU
		{F6122373-6E9A-4A08-A856-41A924B6BC98}.Release|Any CPU.ActiveCfg = Release|Any CPU
		{F6122373-6E9A-4A08-A856-41A924B6BC98}.Release|Any CPU.Build.0 = Release|Any CPU
		{4E4528ED-8681-4BB0-814B-CE5018E8EA14}.Debug|Any CPU.ActiveCfg = Debug|Any CPU
		{4E4528ED-8681-4BB0-814B-CE5018E8EA14}.Debug|Any CPU.Build.0 = Debug|Any CPU
		{4E4528ED-8681-4BB0-814B-CE5018E8EA14}.Release|Any CPU.ActiveCfg = Release|Any CPU
		{4E4528ED-8681-4BB0-814B-CE5018E8EA14}.Release|Any CPU.Build.0 = Release|Any CPU
		{0F6DC016-55C2-47BC-A66D-DBDAC4EB24AD}.Debug|Any CPU.ActiveCfg = Debug|Any CPU
		{0F6DC016-55C2-47BC-A66D-DBDAC4EB24AD}.Debug|Any CPU.Build.0 = Debug|Any CPU
		{0F6DC016-55C2-47BC-A66D-DBDAC4EB24AD}.Release|Any CPU.ActiveCfg = Release|Any CPU
		{0F6DC016-55C2-47BC-A66D-DBDAC4EB24AD}.Release|Any CPU.Build.0 = Release|Any CPU
		{F32CCD40-AC77-4C08-85BE-F5CC2744258D}.Debug|Any CPU.ActiveCfg = Debug|Any CPU
		{F32CCD40-AC77-4C08-85BE-F5CC2744258D}.Debug|Any CPU.Build.0 = Debug|Any CPU
		{F32CCD40-AC77-4C08-85BE-F5CC2744258D}.Release|Any CPU.ActiveCfg = Release|Any CPU
		{F32CCD40-AC77-4C08-85BE-F5CC2744258D}.Release|Any CPU.Build.0 = Release|Any CPU
		{8AB04850-19D1-4559-8C60-7BB5F9C071EC}.Debug|Any CPU.ActiveCfg = Debug|Any CPU
		{8AB04850-19D1-4559-8C60-7BB5F9C071EC}.Debug|Any CPU.Build.0 = Debug|Any CPU
		{8AB04850-19D1-4559-8C60-7BB5F9C071EC}.Release|Any CPU.ActiveCfg = Release|Any CPU
		{8AB04850-19D1-4559-8C60-7BB5F9C071EC}.Release|Any CPU.Build.0 = Release|Any CPU
	EndGlobalSection
	GlobalSection(SolutionProperties) = preSolution
		HideSolutionNode = FALSE
	EndGlobalSection
	GlobalSection(ExtensibilityGlobals) = postSolution
		SolutionGuid = {EC2F60A2-9AB5-434D-B08A-8AEF3293A69E}
	EndGlobalSection
EndGlobal
